
Microsoft Visual Studio Solution File, Format Version 12.00
# Visual Studio 15
VisualStudioVersion = 15.0.28010.2050
MinimumVisualStudioVersion = 10.0.40219.1
Project("{FAE04EC0-301F-11D3-BF4B-00C04F79EFBC}") = "Pocherajme", "Pocherajme\Pocherajme.csproj", "{2F8C0B42-2A9D-4CC9-BE01-B61FDA3FF423}"
EndProject
Global
	GlobalSection(SolutionConfigurationPlatforms) = preSolution
		Debug|Any CPU = Debug|Any CPU
		Release|Any CPU = Release|Any CPU
	EndGlobalSection
	GlobalSection(ProjectConfigurationPlatforms) = postSolution
		{2F8C0B42-2A9D-4CC9-BE01-B61FDA3FF423}.Debug|Any CPU.ActiveCfg = Debug|Any CPU
		{2F8C0B42-2A9D-4CC9-BE01-B61FDA3FF423}.Debug|Any CPU.Build.0 = Debug|Any CPU
		{2F8C0B42-2A9D-4CC9-BE01-B61FDA3FF423}.Release|Any CPU.ActiveCfg = Release|Any CPU
		{2F8C0B42-2A9D-4CC9-BE01-B61FDA3FF423}.Release|Any CPU.Build.0 = Release|Any CPU
	EndGlobalSection
	GlobalSection(SolutionProperties) = preSolution
		HideSolutionNode = FALSE
	EndGlobalSection
	GlobalSection(ExtensibilityGlobals) = postSolution
		SolutionGuid = {D24DC8C3-5804-4FC2-90B1-B0DA64636002}
	EndGlobalSection
EndGlobal
